    - name: 🔧 Create package-lock.json if missing
      run: |
        if [ ! -f package-lock.json ]; then
          echo "📦 Creating package-lock.json..."
          npm install --package-lock-only
          echo "✅ package-lock.json created"
        else
          echo "✅ package-lock.json already exists"
        fi
